// !$*UTF8*$!
{
	archiveVersion = 1;
	classes = {
	};
	objectVersion = 56;
	objects = {

/* Begin PBXBuildFile section */
		34EDF3BE293864880001D78B /* AppDelegate.swift in Sources */ = {isa = PBXBuildFile; fileRef = 34EDF3BD293864880001D78B /* AppDelegate.swift */; };
		34EDF3C0293864880001D78B /* SceneDelegate.swift in Sources */ = {isa = PBXBuildFile; fileRef = 34EDF3BF293864880001D78B /* SceneDelegate.swift */; };
		34EDF3C2293864880001D78B /* ViewController.swift in Sources */ = {isa = PBXBuildFile; fileRef = 34EDF3C1293864880001D78B /* ViewController.swift */; };
		34EDF3C5293864880001D78B /* Main.storyboard in Resources */ = {isa = PBXBuildFile; fileRef = 34EDF3C3293864880001D78B /* Main.storyboard */; };
		34EDF3C72938648C0001D78B /* Assets.xcassets in Resources */ = {isa = PBXBuildFile; fileRef = 34EDF3C62938648C0001D78B /* Assets.xcassets */; };
		34EDF3CA2938648C0001D78B /* LaunchScreen.storyboard in Resources */ = {isa = PBXBuildFile; fileRef = 34EDF3C82938648C0001D78B /* LaunchScreen.storyboard */; };
		34EDF3D229387B7A0001D78B /* Protocol.swift in Sources */ = {isa = PBXBuildFile; fileRef = 34EDF3D129387B7A0001D78B /* Protocol.swift */; };
		34EDF3D429387BBE0001D78B /* AppCoordinator.swift in Sources */ = {isa = PBXBuildFile; fileRef = 34EDF3D329387BBE0001D78B /* AppCoordinator.swift */; };
		34EDF3D629387D0E0001D78B /* LoginCoordinator.swift in Sources */ = {isa = PBXBuildFile; fileRef = 34EDF3D529387D0E0001D78B /* LoginCoordinator.swift */; };
		34EDF3D829387D5C0001D78B /* LoginViewController.swift in Sources */ = {isa = PBXBuildFile; fileRef = 34EDF3D729387D5C0001D78B /* LoginViewController.swift */; };
		34EDF3DA293880F80001D78B /* MainCoordinator.swift in Sources */ = {isa = PBXBuildFile; fileRef = 34EDF3D9293880F80001D78B /* MainCoordinator.swift */; };
/* End PBXBuildFile section */

/* Begin PBXFileReference section */
		34EDF3BA293864880001D78B /* Coordinator_Pattern.app */ = {isa = PBXFileReference; explicitFileType = wrapper.application; includeInIndex = 0; path = Coordinator_Pattern.app; sourceTree = BUILT_PRODUCTS_DIR; };
		34EDF3BD293864880001D78B /* AppDelegate.swift */ = {isa = PBXFileReference; lastKnownFileType = sourcecode.swift; path = AppDelegate.swift; sourceTree = "<group>"; };
		34EDF3BF293864880001D78B /* SceneDelegate.swift */ = {isa = PBXFileReference; lastKnownFileType = sourcecode.swift; path = SceneDelegate.swift; sourceTree = "<group>"; };
		34EDF3C1293864880001D78B /* ViewController.swift */ = {isa = PBXFileReference; lastKnownFileType = sourcecode.swift; path = ViewController.swift; sourceTree = "<group>"; };
		34EDF3C4293864880001D78B /* Base */ = {isa = PBXFileReference; lastKnownFileType = file.storyboard; name = Base; path = Base.lproj/Main.storyboard; sourceTree = "<group>"; };
		34EDF3C62938648C0001D78B /* Assets.xcassets */ = {isa = PBXFileReference; lastKnownFileType = folder.assetcatalog; path = Assets.xcassets; sourceTree = "<group>"; };
		34EDF3C92938648C0001D78B /* Base */ = {isa = PBXFileReference; lastKnownFileType = file.storyboard; name = Base; path = Base.lproj/LaunchScreen.storyboard; sourceTree = "<group>"; };
		34EDF3CB2938648C0001D78B /* Info.plist */ = {isa = PBXFileReference; lastKnownFileType = text.plist.xml; path = Info.plist; sourceTree = "<group>"; };
		34EDF3D129387B7A0001D78B /* Protocol.swift */ = {isa = PBXFileReference; lastKnownFileType = sourcecode.swift; path = Protocol.swift; sourceTree = "<group>"; };
		34EDF3D329387BBE0001D78B /* AppCoordinator.swift */ = {isa = PBXFileReference; lastKnownFileType = sourcecode.swift; path = AppCoordinator.swift; sourceTree = "<group>"; };
		34EDF3D529387D0E0001D78B /* LoginCoordinator.swift */ = {isa = PBXFileReference; lastKnownFileType = sourcecode.swift; path = LoginCoordinator.swift; sourceTree = "<group>"; };
		34EDF3D729387D5C0001D78B /* LoginViewController.swift */ = {isa = PBXFileReference; lastKnownFileType = sourcecode.swift; path = LoginViewController.swift; sourceTree = "<group>"; };
		34EDF3D9293880F80001D78B /* MainCoordinator.swift */ = {isa = PBXFileReference; lastKnownFileType = sourcecode.swift; path = MainCoordinator.swift; sourceTree = "<group>"; };
/* End PBXFileReference section */

/* Begin PBXFrameworksBuildPhase section */
		34EDF3B7293864880001D78B /* Frameworks */ = {
			isa = PBXFrameworksBuildPhase;
			buildActionMask = 2147483647;
			files = (
			);
			runOnlyForDeploymentPostprocessing = 0;
		};
/* End PBXFrameworksBuildPhase section */

/* Begin PBXGroup section */
		34EDF3B1293864880001D78B = {
			isa = PBXGroup;
			children = (
				34EDF3BC293864880001D78B /* Coordinator_Pattern */,
				34EDF3BB293864880001D78B /* Products */,
			);
			sourceTree = "<group>";
		};
		34EDF3BB293864880001D78B /* Products */ = {
			isa = PBXGroup;
			children = (
				34EDF3BA293864880001D78B /* Coordinator_Pattern.app */,
			);
			name = Products;
			sourceTree = "<group>";
		};
		34EDF3BC293864880001D78B /* Coordinator_Pattern */ = {
			isa = PBXGroup;
			children = (
				34EDF3D129387B7A0001D78B /* Protocol.swift */,
				34EDF3D329387BBE0001D78B /* AppCoordinator.swift */,
				34EDF3D9293880F80001D78B /* MainCoordinator.swift */,
				34EDF3D529387D0E0001D78B /* LoginCoordinator.swift */,
				34EDF3BD293864880001D78B /* AppDelegate.swift */,
				34EDF3BF293864880001D78B /* SceneDelegate.swift */,
				34EDF3C1293864880001D78B /* ViewController.swift */,
				34EDF3D729387D5C0001D78B /* LoginViewController.swift */,
				34EDF3C3293864880001D78B /* Main.storyboard */,
				34EDF3C62938648C0001D78B /* Assets.xcassets */,
				34EDF3C82938648C0001D78B /* LaunchScreen.storyboard */,
				34EDF3CB2938648C0001D78B /* Info.plist */,
			);
			path = Coordinator_Pattern;
			sourceTree = "<group>";
		};
/* End PBXGroup section */

/* Begin PBXNativeTarget section */
		34EDF3B9293864880001D78B /* Coordinator_Pattern */ = {
			isa = PBXNativeTarget;
			buildConfigurationList = 34EDF3CE2938648C0001D78B /* Build configuration list for PBXNativeTarget "Coordinator_Pattern" */;
			buildPhases = (
				34EDF3B6293864880001D78B /* Sources */,
				34EDF3B7293864880001D78B /* Frameworks */,
				34EDF3B8293864880001D78B /* Resources */,
			);
			buildRules = (
			);
			dependencies = (
			);
			name = Coordinator_Pattern;
			productName = Coordinator_Pattern;
			productReference = 34EDF3BA293864880001D78B /* Coordinator_Pattern.app */;
			productType = "com.apple.product-type.application";
		};
/* End PBXNativeTarget section */

/* Begin PBXProject section */
		34EDF3B2293864880001D78B /* Project object */ = {
			isa = PBXProject;
			attributes = {
				BuildIndependentTargetsInParallel = 1;
				LastSwiftUpdateCheck = 1410;
				LastUpgradeCheck = 1410;
				TargetAttributes = {
					34EDF3B9293864880001D78B = {
						CreatedOnToolsVersion = 14.1;
					};
				};
			};
			buildConfigurationList = 34EDF3B5293864880001D78B /* Build configuration list for PBXProject "Coordinator_Pattern" */;
			compatibilityVersion = "Xcode 14.0";
			developmentRegion = en;
			hasScannedForEncodings = 0;
			knownRegions = (
				en,
				Base,
			);
			mainGroup = 34EDF3B1293864880001D78B;
			productRefGroup = 34EDF3BB293864880001D78B /* Products */;
			projectDirPath = "";
			projectRoot = "";
			targets = (
				34EDF3B9293864880001D78B /* Coordinator_Pattern */,
			);
		};
/* End PBXProject section */

/* Begin PBXResourcesBuildPhase section */
		34EDF3B8293864880001D78B /* Resources */ = {
			isa = PBXResourcesBuildPhase;
			buildActionMask = 2147483647;
			files = (
				34EDF3CA2938648C0001D78B /* LaunchScreen.storyboard in Resources */,
				34EDF3C72938648C0001D78B /* Assets.xcassets in Resources */,
				34EDF3C5293864880001D78B /* Main.storyboard in Resources */,
			);
			runOnlyForDeploymentPostprocessing = 0;
		};
/* End PBXResourcesBuildPhase section */

/* Begin PBXSourcesBuildPhase section */
		34EDF3B6293864880001D78B /* Sources */ = {
			isa = PBXSourcesBuildPhase;
			buildActionMask = 2147483647;
			files = (
				34EDF3D829387D5C0001D78B /* LoginViewController.swift in Sources */,
				34EDF3DA293880F80001D78B /* MainCoordinator.swift in Sources */,
				34EDF3D629387D0E0001D78B /* LoginCoordinator.swift in Sources */,
				34EDF3C2293864880001D78B /* ViewController.swift in Sources */,
				34EDF3BE293864880001D78B /* AppDelegate.swift in Sources */,
				34EDF3D429387BBE0001D78B /* AppCoordinator.swift in Sources */,
				34EDF3C0293864880001D78B /* SceneDelegate.swift in Sources */,
				34EDF3D229387B7A0001D78B /* Protocol.swift in Sources */,
			);
			runOnlyForDeploymentPostprocessing = 0;
		};
/* End PBXSourcesBuildPhase section */

/* Begin PBXVariantGroup section */
		34EDF3C3293864880001D78B /* Main.storyboard */ = {
			isa = PBXVariantGroup;
			children = (
				34EDF3C4293864880001D78B /* Base */,
			);
			name = Main.storyboard;
			sourceTree = "<group>";
		};
		34EDF3C82938648C0001D78B /* LaunchScreen.storyboard */ = {
			isa = PBXVariantGroup;
			children = (
				34EDF3C92938648C0001D78B /* Base */,
			);
			name = LaunchScreen.storyboard;
			sourceTree = "<group>";
		};
/* End PBXVariantGroup section */

/* Begin XCBuildConfiguration section */
		34EDF3CC2938648C0001D78B /* Debug */ = {
			isa = XCBuildConfiguration;
			buildSettings = {
				ALWAYS_SEARCH_USER_PATHS = NO;
				CLANG_ANALYZER_NONNULL = YES;
				CLANG_ANALYZER_NUMBER_OBJECT_CONVERSION = YES_AGGRESSIVE;
				CLANG_CXX_LANGUAGE_STANDARD = "gnu++20";
				CLANG_ENABLE_MODULES = YES;
				CLANG_ENABLE_OBJC_ARC = YES;
				CLANG_ENABLE_OBJC_WEAK = YES;
				CLANG_WARN_BLOCK_CAPTURE_AUTORELEASING = YES;
				CLANG_WARN_BOOL_CONVERSION = YES;
				CLANG_WARN_COMMA = YES;
				CLANG_WARN_CONSTANT_CONVERSION = YES;
				CLANG_WARN_DEPRECATED_OBJC_IMPLEMENTATIONS = YES;
				CLANG_WARN_DIRECT_OBJC_ISA_USAGE = YES_ERROR;
				CLANG_WARN_DOCUMENTATION_COMMENTS = YES;
				CLANG_WARN_EMPTY_BODY = YES;
				CLANG_WARN_ENUM_CONVERSION = YES;
				CLANG_WARN_INFINITE_RECURSION = YES;
				CLANG_WARN_INT_CONVERSION = YES;
				CLANG_WARN_NON_LITERAL_NULL_CONVERSION = YES;
				CLANG_WARN_OBJC_IMPLICIT_RETAIN_SELF = YES;
				CLANG_WARN_OBJC_LITERAL_CONVERSION = YES;
				CLANG_WARN_OBJC_ROOT_CLASS = YES_ERROR;
				CLANG_WARN_QUOTED_INCLUDE_IN_FRAMEWORK_HEADER = YES;
				CLANG_WARN_RANGE_LOOP_ANALYSIS = YES;
				CLANG_WARN_STRICT_PROTOTYPES = YES;
				CLANG_WARN_SUSPICIOUS_MOVE = YES;
				CLANG_WARN_UNGUARDED_AVAILABILITY = YES_AGGRESSIVE;
				CLANG_WARN_UNREACHABLE_CODE = YES;
				CLANG_WARN__DUPLICATE_METHOD_MATCH = YES;
				COPY_PHASE_STRIP = NO;
				DEBUG_INFORMATION_FORMAT = dwarf;
				ENABLE_STRICT_OBJC_MSGSEND = YES;
				ENABLE_TESTABILITY = YES;
				GCC_C_LANGUAGE_STANDARD = gnu11;
				GCC_DYNAMIC_NO_PIC = NO;
				GCC_NO_COMMON_BLOCKS = YES;
				GCC_OPTIMIZATION_LEVEL = 0;
				GCC_PREPROCESSOR_DEFINITIONS = (
					"DEBUG=1",
					"$(inherited)",
				);
				GCC_WARN_64_TO_32_BIT_CONVERSION = YES;
				GCC_WARN_ABOUT_RETURN_TYPE = YES_ERROR;
				GCC_WARN_UNDECLARED_SELECTOR = YES;
				GCC_WARN_UNINITIALIZED_AUTOS = YES_AGGRESSIVE;
				GCC_WARN_UNUSED_FUNCTION = YES;
				GCC_WARN_UNUSED_VARIABLE = YES;
				IPHONEOS_DEPLOYMENT_TARGET = 16.1;
				MTL_ENABLE_DEBUG_INFO = INCLUDE_SOURCE;
				MTL_FAST_MATH = YES;
				ONLY_ACTIVE_ARCH = YES;
				SDKROOT = iphoneos;
				SWIFT_ACTIVE_COMPILATION_CONDITIONS = DEBUG;
				SWIFT_OPTIMIZATION_LEVEL = "-Onone";
			};
			name = Debug;
		};
		34EDF3CD2938648C0001D78B /* Release */ = {
			isa = XCBuildConfiguration;
			buildSettings = {
				ALWAYS_SEARCH_USER_PATHS = NO;
				CLANG_ANALYZER_NONNULL = YES;
				CLANG_ANALYZER_NUMBER_OBJECT_CONVERSION = YES_AGGRESSIVE;
				CLANG_CXX_LANGUAGE_STANDARD = "gnu++20";
				CLANG_ENABLE_MODULES = YES;
				CLANG_ENABLE_OBJC_ARC = YES;
				CLANG_ENABLE_OBJC_WEAK = YES;
				CLANG_WARN_BLOCK_CAPTURE_AUTORELEASING = YES;
				CLANG_WARN_BOOL_CONVERSION = YES;
				CLANG_WARN_COMMA = YES;
				CLANG_WARN_CONSTANT_CONVERSION = YES;
				CLANG_WARN_DEPRECATED_OBJC_IMPLEMENTATIONS = YES;
				CLANG_WARN_DIRECT_OBJC_ISA_USAGE = YES_ERROR;
				CLANG_WARN_DOCUMENTATION_COMMENTS = YES;
				CLANG_WARN_EMPTY_BODY = YES;
				CLANG_WARN_ENUM_CONVERSION = YES;
				CLANG_WARN_INFINITE_RECURSION = YES;
				CLANG_WARN_INT_CONVERSION = YES;
				CLANG_WARN_NON_LITERAL_NULL_CONVERSION = YES;
				CLANG_WARN_OBJC_IMPLICIT_RETAIN_SELF = YES;
				CLANG_WARN_OBJC_LITERAL_CONVERSION = YES;
				CLANG_WARN_OBJC_ROOT_CLASS = YES_ERROR;
				CLANG_WARN_QUOTED_INCLUDE_IN_FRAMEWORK_HEADER = YES;
				CLANG_WARN_RANGE_LOOP_ANALYSIS = YES;
				CLANG_WARN_STRICT_PROTOTYPES = YES;
				CLANG_WARN_SUSPICIOUS_MOVE = YES;
				CLANG_WARN_UNGUARDED_AVAILABILITY = YES_AGGRESSIVE;
				CLANG_WARN_UNREACHABLE_CODE = YES;
				CLANG_WARN__DUPLICATE_METHOD_MATCH = YES;
				COPY_PHASE_STRIP = NO;
				DEBUG_INFORMATION_FORMAT = "dwarf-with-dsym";
				ENABLE_NS_ASSERTIONS = NO;
				ENABLE_STRICT_OBJC_MSGSEND = YES;
				GCC_C_LANGUAGE_STANDARD = gnu11;
				GCC_NO_COMMON_BLOCKS = YES;
				GCC_WARN_64_TO_32_BIT_CONVERSION = YES;
				GCC_WARN_ABOUT_RETURN_TYPE = YES_ERROR;
				GCC_WARN_UNDECLARED_SELECTOR = YES;
				GCC_WARN_UNINITIALIZED_AUTOS = YES_AGGRESSIVE;
				GCC_WARN_UNUSED_FUNCTION = YES;
				GCC_WARN_UNUSED_VARIABLE = YES;
				IPHONEOS_DEPLOYMENT_TARGET = 16.1;
				MTL_ENABLE_DEBUG_INFO = NO;
				MTL_FAST_MATH = YES;
				SDKROOT = iphoneos;
				SWIFT_COMPILATION_MODE = wholemodule;
				SWIFT_OPTIMIZATION_LEVEL = "-O";
				VALIDATE_PRODUCT = YES;
			};
			name = Release;
		};
		34EDF3CF2938648C0001D78B /* Debug */ = {
			isa = XCBuildConfiguration;
			buildSettings = {
				ASSETCATALOG_COMPILER_APPICON_NAME = AppIcon;
				ASSETCATALOG_COMPILER_GLOBAL_ACCENT_COLOR_NAME = AccentColor;
				CODE_SIGN_STYLE = Automatic;
				CURRENT_PROJECT_VERSION = 1;
				DEVELOPMENT_TEAM = J2J2A4T2U9;
				GENERATE_INFOPLIST_FILE = YES;
				INFOPLIST_FILE = Coordinator_Pattern/Info.plist;
				INFOPLIST_KEY_UIApplicationSupportsIndirectInputEvents = YES;
				INFOPLIST_KEY_UILaunchStoryboardName = LaunchScreen;
				INFOPLIST_KEY_UIMainStoryboardFile = Main;
				INFOPLIST_KEY_UISupportedInterfaceOrientations_iPad = "UIInterfaceOrientationPortrait UIInterfaceOrientationPortraitUpsideDown UIInterfaceOrientationLandscapeLeft UIInterfaceOrientationLandscapeRight";
				INFOPLIST_KEY_UISupportedInterfaceOrientations_iPhone = "UIInterfaceOrientationPortrait UIInterfaceOrientationLandscapeLeft UIInterfaceOrientationLandscapeRight";
				LD_RUNPATH_SEARCH_PATHS = (
					"$(inherited)",
					"@executable_path/Frameworks",
				);
				MARKETING_VERSION = 1.0;
				PRODUCT_BUNDLE_IDENTIFIER = "Dev.Kim.Coordinator-Pattern";
				PRODUCT_NAME = "$(TARGET_NAME)";
				SWIFT_EMIT_LOC_STRINGS = YES;
				SWIFT_VERSION = 5.0;
				TARGETED_DEVICE_FAMILY = "1,2";
			};
			name = Debug;
		};
		34EDF3D02938648C0001D78B /* Release */ = {
			isa = XCBuildConfiguration;
			buildSettings = {
				ASSETCATALOG_COMPILER_APPICON_NAME = AppIcon;
				ASSETCATALOG_COMPILER_GLOBAL_ACCENT_COLOR_NAME = AccentColor;
				CODE_SIGN_STYLE = Automatic;
				CURRENT_PROJECT_VERSION = 1;
				DEVELOPMENT_TEAM = J2J2A4T2U9;
				GENERATE_INFOPLIST_FILE = YES;
				INFOPLIST_FILE = Coordinator_Pattern/Info.plist;
				INFOPLIST_KEY_UIApplicationSupportsIndirectInputEvents = YES;
				INFOPLIST_KEY_UILaunchStoryboardName = LaunchScreen;
				INFOPLIST_KEY_UIMainStoryboardFile = Main;
				INFOPLIST_KEY_UISupportedInterfaceOrientations_iPad = "UIInterfaceOrientationPortrait UIInterfaceOrientationPortraitUpsideDown UIInterfaceOrientationLandscapeLeft UIInterfaceOrientationLandscapeRight";
				INFOPLIST_KEY_UISupportedInterfaceOrientations_iPhone = "UIInterfaceOrientationPortrait UIInterfaceOrientationLandscapeLeft UIInterfaceOrientationLandscapeRight";
				LD_RUNPATH_SEARCH_PATHS = (
					"$(inherited)",
					"@executable_path/Frameworks",
				);
				MARKETING_VERSION = 1.0;
				PRODUCT_BUNDLE_IDENTIFIER = "Dev.Kim.Coordinator-Pattern";
				PRODUCT_NAME = "$(TARGET_NAME)";
				SWIFT_EMIT_LOC_STRINGS = YES;
				SWIFT_VERSION = 5.0;
				TARGETED_DEVICE_FAMILY = "1,2";
			};
			name = Release;
		};
/* End XCBuildConfiguration section */

/* Begin XCConfigurationList section */
		34EDF3B5293864880001D78B /* Build configuration list for PBXProject "Coordinator_Pattern" */ = {
			isa = XCConfigurationList;
			buildConfigurations = (
				34EDF3CC2938648C0001D78B /* Debug */,
				34EDF3CD2938648C0001D78B /* Release */,
			);
			defaultConfigurationIsVisible = 0;
			defaultConfigurationName = Release;
		};
		34EDF3CE2938648C0001D78B /* Build configuration list for PBXNativeTarget "Coordinator_Pattern" */ = {
			isa = XCConfigurationList;
			buildConfigurations = (
				34EDF3CF2938648C0001D78B /* Debug */,
				34EDF3D02938648C0001D78B /* Release */,
			);
			defaultConfigurationIsVisible = 0;
			defaultConfigurationName = Release;
		};
/* End XCConfigurationList section */
	};
	rootObject = 34EDF3B2293864880001D78B /* Project object */;
}
